
Microsoft Visual Studio Solution File, Format Version 12.00
# Visual Studio Version 17
VisualStudioVersion = 17.3.32901.215
MinimumVisualStudioVersion = 10.0.40219.1
Project("{FAE04EC0-301F-11D3-BF4B-00C04F79EFBC}") = "EmployeePayroll", "EmployeePayroll.csproj", "{90482484-F67C-4943-893E-37CD9C4DADC9}"
EndProject
Global
	GlobalSection(SolutionConfigurationPlatforms) = preSolution
		Debug|Any CPU = Debug|Any CPU
		Release|Any CPU = Release|Any CPU
	EndGlobalSection
	GlobalSection(ProjectConfigurationPlatforms) = postSolution
		{90482484-F67C-4943-893E-37CD9C4DADC9}.Debug|Any CPU.ActiveCfg = Debug|Any CPU
		{90482484-F67C-4943-893E-37CD9C4DADC9}.Debug|Any CPU.Build.0 = Debug|Any CPU
		{90482484-F67C-4943-893E-37CD9C4DADC9}.Release|Any CPU.ActiveCfg = Release|Any CPU
		{90482484-F67C-4943-893E-37CD9C4DADC9}.Release|Any CPU.Build.0 = Release|Any CPU
	EndGlobalSection
	GlobalSection(SolutionProperties) = preSolution
		HideSolutionNode = FALSE
	EndGlobalSection
	GlobalSection(ExtensibilityGlobals) = postSolution
		SolutionGuid = {D5654391-6891-4311-BB1C-D50FF8954B83}
	EndGlobalSection
EndGlobal
